
Microsoft Visual Studio Solution File, Format Version 12.00
# Visual Studio Version 16
VisualStudioVersion = 16.0.31702.278
MinimumVisualStudioVersion = 10.0.40219.1
Project("{FAE04EC0-301F-11D3-BF4B-00C04F79EFBC}") = "RainbowSchool", "RainbowSchool\RainbowSchool.csproj", "{286529D0-1372-4F58-9C07-6FF3F1D39410}"
EndProject
Global
	GlobalSection(SolutionConfigurationPlatforms) = preSolution
		Debug|Any CPU = Debug|Any CPU
		Release|Any CPU = Release|Any CPU
	EndGlobalSection
	GlobalSection(ProjectConfigurationPlatforms) = postSolution
		{286529D0-1372-4F58-9C07-6FF3F1D39410}.Debug|Any CPU.ActiveCfg = Debug|Any CPU
		{286529D0-1372-4F58-9C07-6FF3F1D39410}.Debug|Any CPU.Build.0 = Debug|Any CPU
		{286529D0-1372-4F58-9C07-6FF3F1D39410}.Release|Any CPU.ActiveCfg = Release|Any CPU
		{286529D0-1372-4F58-9C07-6FF3F1D39410}.Release|Any CPU.Build.0 = Release|Any CPU
	EndGlobalSection
	GlobalSection(SolutionProperties) = preSolution
		HideSolutionNode = FALSE
	EndGlobalSection
	GlobalSection(ExtensibilityGlobals) = postSolution
		SolutionGuid = {90F7194D-7926-4412-9A85-AE0ED918F331}
	EndGlobalSection
EndGlobal
